
Microsoft Visual Studio Solution File, Format Version 12.00
# Visual Studio Version 16
VisualStudioVersion = 16.0.28803.452
MinimumVisualStudioVersion = 10.0.40219.1
Project("{FAE04EC0-301F-11D3-BF4B-00C04F79EFBC}") = "preCalc", "preCalc\preCalc.csproj", "{6976121F-EA69-42F1-AAE6-5D00B75AA429}"
EndProject
Global
	GlobalSection(SolutionConfigurationPlatforms) = preSolution
		Debug|Any CPU = Debug|Any CPU
		Release|Any CPU = Release|Any CPU
	EndGlobalSection
	GlobalSection(ProjectConfigurationPlatforms) = postSolution
		{6976121F-EA69-42F1-AAE6-5D00B75AA429}.Debug|Any CPU.ActiveCfg = Debug|Any CPU
		{6976121F-EA69-42F1-AAE6-5D00B75AA429}.Debug|Any CPU.Build.0 = Debug|Any CPU
		{6976121F-EA69-42F1-AAE6-5D00B75AA429}.Release|Any CPU.ActiveCfg = Release|Any CPU
		{6976121F-EA69-42F1-AAE6-5D00B75AA429}.Release|Any CPU.Build.0 = Release|Any CPU
	EndGlobalSection
	GlobalSection(SolutionProperties) = preSolution
		HideSolutionNode = FALSE
	EndGlobalSection
	GlobalSection(ExtensibilityGlobals) = postSolution
		SolutionGuid = {E3E368AD-58D7-4268-B682-753791FB1E9C}
	EndGlobalSection
EndGlobal
