
Microsoft Visual Studio Solution File, Format Version 12.00
# Visual Studio Version 16
VisualStudioVersion = 16.0.28803.452
MinimumVisualStudioVersion = 10.0.40219.1
Project("{FAE04EC0-301F-11D3-BF4B-00C04F79EFBC}") = "refactorcalc", "refactorcalc\refactorcalc.csproj", "{758106DE-70BB-4A65-A3BD-B9525ECE0573}"
EndProject
Global
	GlobalSection(SolutionConfigurationPlatforms) = preSolution
		Debug|Any CPU = Debug|Any CPU
		Release|Any CPU = Release|Any CPU
	EndGlobalSection
	GlobalSection(ProjectConfigurationPlatforms) = postSolution
		{758106DE-70BB-4A65-A3BD-B9525ECE0573}.Debug|Any CPU.ActiveCfg = Debug|Any CPU
		{758106DE-70BB-4A65-A3BD-B9525ECE0573}.Debug|Any CPU.Build.0 = Debug|Any CPU
		{758106DE-70BB-4A65-A3BD-B9525ECE0573}.Release|Any CPU.ActiveCfg = Release|Any CPU
		{758106DE-70BB-4A65-A3BD-B9525ECE0573}.Release|Any CPU.Build.0 = Release|Any CPU
	EndGlobalSection
	GlobalSection(SolutionProperties) = preSolution
		HideSolutionNode = FALSE
	EndGlobalSection
	GlobalSection(ExtensibilityGlobals) = postSolution
		SolutionGuid = {086DF998-EF16-4570-B73C-B0D6CC75D9EA}
	EndGlobalSection
EndGlobal
